// !$*UTF8*$!
{
	archiveVersion = 1;
	classes = {
	};
	objectVersion = 46;
	objects = {

/* Begin PBXBuildFile section */
		8BC30C9D19C5A48C000FE0BD /* Foundation.framework in Frameworks */ = {isa = PBXBuildFile; fileRef = 8BC30C9C19C5A48C000FE0BD /* Foundation.framework */; };
		8BC30C9F19C5A48C000FE0BD /* CoreGraphics.framework in Frameworks */ = {isa = PBXBuildFile; fileRef = 8BC30C9E19C5A48C000FE0BD /* CoreGraphics.framework */; };
		8BC30CA119C5A48C000FE0BD /* UIKit.framework in Frameworks */ = {isa = PBXBuildFile; fileRef = 8BC30CA019C5A48C000FE0BD /* UIKit.framework */; };
		8BC30CA719C5A48C000FE0BD /* InfoPlist.strings in Resources */ = {isa = PBXBuildFile; fileRef = 8BC30CA519C5A48C000FE0BD /* InfoPlist.strings */; };
		8BC30CA919C5A48C000FE0BD /* main.m in Sources */ = {isa = PBXBuildFile; fileRef = 8BC30CA819C5A48C000FE0BD /* main.m */; };
		8BC30CAD19C5A48C000FE0BD /* AppDelegate.m in Sources */ = {isa = PBXBuildFile; fileRef = 8BC30CAC19C5A48C000FE0BD /* AppDelegate.m */; };
		8BC30CB019C5A48C000FE0BD /* Main_iPhone.storyboard in Resources */ = {isa = PBXBuildFile; fileRef = 8BC30CAE19C5A48C000FE0BD /* Main_iPhone.storyboard */; };
		8BC30CB319C5A48C000FE0BD /* Main_iPad.storyboard in Resources */ = {isa = PBXBuildFile; fileRef = 8BC30CB119C5A48C000FE0BD /* Main_iPad.storyboard */; };
		8BC30CB619C5A48C000FE0BD /* ViewController.m in Sources */ = {isa = PBXBuildFile; fileRef = 8BC30CB519C5A48C000FE0BD /* ViewController.m */; };
		8BC30CB819C5A48C000FE0BD /* Images.xcassets in Resources */ = {isa = PBXBuildFile; fileRef = 8BC30CB719C5A48C000FE0BD /* Images.xcassets */; };
		8BC30CBF19C5A48C000FE0BD /* XCTest.framework in Frameworks */ = {isa = PBXBuildFile; fileRef = 8BC30CBE19C5A48C000FE0BD /* XCTest.framework */; };
		8BC30CC019C5A48C000FE0BD /* Foundation.framework in Frameworks */ = {isa = PBXBuildFile; fileRef = 8BC30C9C19C5A48C000FE0BD /* Foundation.framework */; };
		8BC30CC119C5A48C000FE0BD /* UIKit.framework in Frameworks */ = {isa = PBXBuildFile; fileRef = 8BC30CA019C5A48C000FE0BD /* UIKit.framework */; };
		8BC30CC919C5A48C000FE0BD /* InfoPlist.strings in Resources */ = {isa = PBXBuildFile; fileRef = 8BC30CC719C5A48C000FE0BD /* InfoPlist.strings */; };
		8BC30CCB19C5A48C000FE0BD /* Vegan_WorldTests.m in Sources */ = {isa = PBXBuildFile; fileRef = 8BC30CCA19C5A48C000FE0BD /* Vegan_WorldTests.m */; };
/* End PBXBuildFile section */

/* Begin PBXContainerItemProxy section */
		8BC30CC219C5A48C000FE0BD /* PBXContainerItemProxy */ = {
			isa = PBXContainerItemProxy;
			containerPortal = 8BC30C9119C5A48C000FE0BD /* Project object */;
			proxyType = 1;
			remoteGlobalIDString = 8BC30C9819C5A48C000FE0BD;
			remoteInfo = "Vegan World";
		};
/* End PBXContainerItemProxy section */

/* Begin PBXFileReference section */
		8BC30C9919C5A48C000FE0BD /* Vegan World.app */ = {isa = PBXFileReference; explicitFileType = wrapper.application; includeInIndex = 0; path = "Vegan World.app"; sourceTree = BUILT_PRODUCTS_DIR; };
		8BC30C9C19C5A48C000FE0BD /* Foundation.framework */ = {isa = PBXFileReference; lastKnownFileType = wrapper.framework; name = Foundation.framework; path = System/Library/Frameworks/Foundation.framework; sourceTree = SDKROOT; };
		8BC30C9E19C5A48C000FE0BD /* CoreGraphics.framework */ = {isa = PBXFileReference; lastKnownFileType = wrapper.framework; name = CoreGraphics.framework; path = System/Library/Frameworks/CoreGraphics.framework; sourceTree = SDKROOT; };
		8BC30CA019C5A48C000FE0BD /* UIKit.framework */ = {isa = PBXFileReference; lastKnownFileType = wrapper.framework; name = UIKit.framework; path = System/Library/Frameworks/UIKit.framework; sourceTree = SDKROOT; };
		8BC30CA419C5A48C000FE0BD /* Vegan World-Info.plist */ = {isa = PBXFileReference; lastKnownFileType = text.plist.xml; path = "Vegan World-Info.plist"; sourceTree = "<group>"; };
		8BC30CA619C5A48C000FE0BD /* en */ = {isa = PBXFileReference; lastKnownFileType = text.plist.strings; name = en; path = en.lproj/InfoPlist.strings; sourceTree = "<group>"; };
		8BC30CA819C5A48C000FE0BD /* main.m */ = {isa = PBXFileReference; lastKnownFileType = sourcecode.c.objc; path = main.m; sourceTree = "<group>"; };
		8BC30CAA19C5A48C000FE0BD /* Vegan World-Prefix.pch */ = {isa = PBXFileReference; lastKnownFileType = sourcecode.c.h; path = "Vegan World-Prefix.pch"; sourceTree = "<group>"; };
		8BC30CAB19C5A48C000FE0BD /* AppDelegate.h */ = {isa = PBXFileReference; lastKnownFileType = sourcecode.c.h; path = AppDelegate.h; sourceTree = "<group>"; };
		8BC30CAC19C5A48C000FE0BD /* AppDelegate.m */ = {isa = PBXFileReference; lastKnownFileType = sourcecode.c.objc; path = AppDelegate.m; sourceTree = "<group>"; };
		8BC30CAF19C5A48C000FE0BD /* Base */ = {isa = PBXFileReference; lastKnownFileType = file.storyboard; name = Base; path = Base.lproj/Main_iPhone.storyboard; sourceTree = "<group>"; };
		8BC30CB219C5A48C000FE0BD /* Base */ = {isa = PBXFileReference; lastKnownFileType = file.storyboard; name = Base; path = Base.lproj/Main_iPad.storyboard; sourceTree = "<group>"; };
		8BC30CB419C5A48C000FE0BD /* ViewController.h */ = {isa = PBXFileReference; lastKnownFileType = sourcecode.c.h; path = ViewController.h; sourceTree = "<group>"; };
		8BC30CB519C5A48C000FE0BD /* ViewController.m */ = {isa = PBXFileReference; lastKnownFileType = sourcecode.c.objc; path = ViewController.m; sourceTree = "<group>"; };
		8BC30CB719C5A48C000FE0BD /* Images.xcassets */ = {isa = PBXFileReference; lastKnownFileType = folder.assetcatalog; path = Images.xcassets; sourceTree = "<group>"; };
		8BC30CBD19C5A48C000FE0BD /* Vegan WorldTests.xctest */ = {isa = PBXFileReference; explicitFileType = wrapper.cfbundle; includeInIndex = 0; path = "Vegan WorldTests.xctest"; sourceTree = BUILT_PRODUCTS_DIR; };
		8BC30CBE19C5A48C000FE0BD /* XCTest.framework */ = {isa = PBXFileReference; lastKnownFileType = wrapper.framework; name = XCTest.framework; path = Library/Frameworks/XCTest.framework; sourceTree = DEVELOPER_DIR; };
		8BC30CC619C5A48C000FE0BD /* Vegan WorldTests-Info.plist */ = {isa = PBXFileReference; lastKnownFileType = text.plist.xml; path = "Vegan WorldTests-Info.plist"; sourceTree = "<group>"; };
		8BC30CC819C5A48C000FE0BD /* en */ = {isa = PBXFileReference; lastKnownFileType = text.plist.strings; name = en; path = en.lproj/InfoPlist.strings; sourceTree = "<group>"; };
		8BC30CCA19C5A48C000FE0BD /* Vegan_WorldTests.m */ = {isa = PBXFileReference; lastKnownFileType = sourcecode.c.objc; path = Vegan_WorldTests.m; sourceTree = "<group>"; };
/* End PBXFileReference section */

/* Begin PBXFrameworksBuildPhase section */
		8BC30C9619C5A48C000FE0BD /* Frameworks */ = {
			isa = PBXFrameworksBuildPhase;
			buildActionMask = 2147483647;
			files = (
				8BC30C9F19C5A48C000FE0BD /* CoreGraphics.framework in Frameworks */,
				8BC30CA119C5A48C000FE0BD /* UIKit.framework in Frameworks */,
				8BC30C9D19C5A48C000FE0BD /* Foundation.framework in Frameworks */,
			);
			runOnlyForDeploymentPostprocessing = 0;
		};
		8BC30CBA19C5A48C000FE0BD /* Frameworks */ = {
			isa = PBXFrameworksBuildPhase;
			buildActionMask = 2147483647;
			files = (
				8BC30CBF19C5A48C000FE0BD /* XCTest.framework in Frameworks */,
				8BC30CC119C5A48C000FE0BD /* UIKit.framework in Frameworks */,
				8BC30CC019C5A48C000FE0BD /* Foundation.framework in Frameworks */,
			);
			runOnlyForDeploymentPostprocessing = 0;
		};
/* End PBXFrameworksBuildPhase section */

/* Begin PBXGroup section */
		8BC30C9019C5A48C000FE0BD = {
			isa = PBXGroup;
			children = (
				8BC30CA219C5A48C000FE0BD /* Vegan World */,
				8BC30CC419C5A48C000FE0BD /* Vegan WorldTests */,
				8BC30C9B19C5A48C000FE0BD /* Frameworks */,
				8BC30C9A19C5A48C000FE0BD /* Products */,
			);
			sourceTree = "<group>";
		};
		8BC30C9A19C5A48C000FE0BD /* Products */ = {
			isa = PBXGroup;
			children = (
				8BC30C9919C5A48C000FE0BD /* Vegan World.app */,
				8BC30CBD19C5A48C000FE0BD /* Vegan WorldTests.xctest */,
			);
			name = Products;
			sourceTree = "<group>";
		};
		8BC30C9B19C5A48C000FE0BD /* Frameworks */ = {
			isa = PBXGroup;
			children = (
				8BC30C9C19C5A48C000FE0BD /* Foundation.framework */,
				8BC30C9E19C5A48C000FE0BD /* CoreGraphics.framework */,
				8BC30CA019C5A48C000FE0BD /* UIKit.framework */,
				8BC30CBE19C5A48C000FE0BD /* XCTest.framework */,
			);
			name = Frameworks;
			sourceTree = "<group>";
		};
		8BC30CA219C5A48C000FE0BD /* Vegan World */ = {
			isa = PBXGroup;
			children = (
				8BC30CAB19C5A48C000FE0BD /* AppDelegate.h */,
				8BC30CAC19C5A48C000FE0BD /* AppDelegate.m */,
				8BC30CAE19C5A48C000FE0BD /* Main_iPhone.storyboard */,
				8BC30CB119C5A48C000FE0BD /* Main_iPad.storyboard */,
				8BC30CB419C5A48C000FE0BD /* ViewController.h */,
				8BC30CB519C5A48C000FE0BD /* ViewController.m */,
				8BC30CB719C5A48C000FE0BD /* Images.xcassets */,
				8BC30CA319C5A48C000FE0BD /* Supporting Files */,
			);
			path = "Vegan World";
			sourceTree = "<group>";
		};
		8BC30CA319C5A48C000FE0BD /* Supporting Files */ = {
			isa = PBXGroup;
			children = (
				8BC30CA419C5A48C000FE0BD /* Vegan World-Info.plist */,
				8BC30CA519C5A48C000FE0BD /* InfoPlist.strings */,
				8BC30CA819C5A48C000FE0BD /* main.m */,
				8BC30CAA19C5A48C000FE0BD /* Vegan World-Prefix.pch */,
			);
			name = "Supporting Files";
			sourceTree = "<group>";
		};
		8BC30CC419C5A48C000FE0BD /* Vegan WorldTests */ = {
			isa = PBXGroup;
			children = (
				8BC30CCA19C5A48C000FE0BD /* Vegan_WorldTests.m */,
				8BC30CC519C5A48C000FE0BD /* Supporting Files */,
			);
			path = "Vegan WorldTests";
			sourceTree = "<group>";
		};
		8BC30CC519C5A48C000FE0BD /* Supporting Files */ = {
			isa = PBXGroup;
			children = (
				8BC30CC619C5A48C000FE0BD /* Vegan WorldTests-Info.plist */,
				8BC30CC719C5A48C000FE0BD /* InfoPlist.strings */,
			);
			name = "Supporting Files";
			sourceTree = "<group>";
		};
/* End PBXGroup section */

/* Begin PBXNativeTarget section */
		8BC30C9819C5A48C000FE0BD /* Vegan World */ = {
			isa = PBXNativeTarget;
			buildConfigurationList = 8BC30CCE19C5A48C000FE0BD /* Build configuration list for PBXNativeTarget "Vegan World" */;
			buildPhases = (
				8BC30C9519C5A48C000FE0BD /* Sources */,
				8BC30C9619C5A48C000FE0BD /* Frameworks */,
				8BC30C9719C5A48C000FE0BD /* Resources */,
			);
			buildRules = (
			);
			dependencies = (
			);
			name = "Vegan World";
			productName = "Vegan World";
			productReference = 8BC30C9919C5A48C000FE0BD /* Vegan World.app */;
			productType = "com.apple.product-type.application";
		};
		8BC30CBC19C5A48C000FE0BD /* Vegan WorldTests */ = {
			isa = PBXNativeTarget;
			buildConfigurationList = 8BC30CD119C5A48C000FE0BD /* Build configuration list for PBXNativeTarget "Vegan WorldTests" */;
			buildPhases = (
				8BC30CB919C5A48C000FE0BD /* Sources */,
				8BC30CBA19C5A48C000FE0BD /* Frameworks */,
				8BC30CBB19C5A48C000FE0BD /* Resources */,
			);
			buildRules = (
			);
			dependencies = (
				8BC30CC319C5A48C000FE0BD /* PBXTargetDependency */,
			);
			name = "Vegan WorldTests";
			productName = "Vegan WorldTests";
			productReference = 8BC30CBD19C5A48C000FE0BD /* Vegan WorldTests.xctest */;
			productType = "com.apple.product-type.bundle.unit-test";
		};
/* End PBXNativeTarget section */

/* Begin PBXProject section */
		8BC30C9119C5A48C000FE0BD /* Project object */ = {
			isa = PBXProject;
			attributes = {
				LastUpgradeCheck = 0510;
				ORGANIZATIONNAME = "Rahul Mishra";
				TargetAttributes = {
					8BC30CBC19C5A48C000FE0BD = {
						TestTargetID = 8BC30C9819C5A48C000FE0BD;
					};
				};
			};
			buildConfigurationList = 8BC30C9419C5A48C000FE0BD /* Build configuration list for PBXProject "Vegan World" */;
			compatibilityVersion = "Xcode 3.2";
			developmentRegion = English;
			hasScannedForEncodings = 0;
			knownRegions = (
				en,
				Base,
			);
			mainGroup = 8BC30C9019C5A48C000FE0BD;
			productRefGroup = 8BC30C9A19C5A48C000FE0BD /* Products */;
			projectDirPath = "";
			projectRoot = "";
			targets = (
				8BC30C9819C5A48C000FE0BD /* Vegan World */,
				8BC30CBC19C5A48C000FE0BD /* Vegan WorldTests */,
			);
		};
/* End PBXProject section */

/* Begin PBXResourcesBuildPhase section */
		8BC30C9719C5A48C000FE0BD /* Resources */ = {
			isa = PBXResourcesBuildPhase;
			buildActionMask = 2147483647;
			files = (
				8BC30CB319C5A48C000FE0BD /* Main_iPad.storyboard in Resources */,
				8BC30CB819C5A48C000FE0BD /* Images.xcassets in Resources */,
				8BC30CB019C5A48C000FE0BD /* Main_iPhone.storyboard in Resources */,
				8BC30CA719C5A48C000FE0BD /* InfoPlist.strings in Resources */,
			);
			runOnlyForDeploymentPostprocessing = 0;
		};
		8BC30CBB19C5A48C000FE0BD /* Resources */ = {
			isa = PBXResourcesBuildPhase;
			buildActionMask = 2147483647;
			files = (
				8BC30CC919C5A48C000FE0BD /* InfoPlist.strings in Resources */,
			);
			runOnlyForDeploymentPostprocessing = 0;
		};
/* End PBXResourcesBuildPhase section */

/* Begin PBXSourcesBuildPhase section */
		8BC30C9519C5A48C000FE0BD /* Sources */ = {
			isa = PBXSourcesBuildPhase;
			buildActionMask = 2147483647;
			files = (
				8BC30CB619C5A48C000FE0BD /* ViewController.m in Sources */,
				8BC30CAD19C5A48C000FE0BD /* AppDelegate.m in Sources */,
				8BC30CA919C5A48C000FE0BD /* main.m in Sources */,
			);
			runOnlyForDeploymentPostprocessing = 0;
		};
		8BC30CB919C5A48C000FE0BD /* Sources */ = {
			isa = PBXSourcesBuildPhase;
			buildActionMask = 2147483647;
			files = (
				8BC30CCB19C5A48C000FE0BD /* Vegan_WorldTests.m in Sources */,
			);
			runOnlyForDeploymentPostprocessing = 0;
		};
/* End PBXSourcesBuildPhase section */

/* Begin PBXTargetDependency section */
		8BC30CC319C5A48C000FE0BD /* PBXTargetDependency */ = {
			isa = PBXTargetDependency;
			target = 8BC30C9819C5A48C000FE0BD /* Vegan World */;
			targetProxy = 8BC30CC219C5A48C000FE0BD /* PBXContainerItemProxy */;
		};
/* End PBXTargetDependency section */

/* Begin PBXVariantGroup section */
		8BC30CA519C5A48C000FE0BD /* InfoPlist.strings */ = {
			isa = PBXVariantGroup;
			children = (
				8BC30CA619C5A48C000FE0BD /* en */,
			);
			name = InfoPlist.strings;
			sourceTree = "<group>";
		};
		8BC30CAE19C5A48C000FE0BD /* Main_iPhone.storyboard */ = {
			isa = PBXVariantGroup;
			children = (
				8BC30CAF19C5A48C000FE0BD /* Base */,
			);
			name = Main_iPhone.storyboard;
			sourceTree = "<group>";
		};
		8BC30CB119C5A48C000FE0BD /* Main_iPad.storyboard */ = {
			isa = PBXVariantGroup;
			children = (
				8BC30CB219C5A48C000FE0BD /* Base */,
			);
			name = Main_iPad.storyboard;
			sourceTree = "<group>";
		};
		8BC30CC719C5A48C000FE0BD /* InfoPlist.strings */ = {
			isa = PBXVariantGroup;
			children = (
				8BC30CC819C5A48C000FE0BD /* en */,
			);
			name = InfoPlist.strings;
			sourceTree = "<group>";
		};
/* End PBXVariantGroup section */

/* Begin XCBuildConfiguration section */
		8BC30CCC19C5A48C000FE0BD /* Debug */ = {
			isa = XCBuildConfiguration;
			buildSettings = {
				ALWAYS_SEARCH_USER_PATHS = NO;
				CLANG_CXX_LANGUAGE_STANDARD = "gnu++0x";
				CLANG_CXX_LIBRARY = "libc++";
				CLANG_ENABLE_MODULES = YES;
				CLANG_ENABLE_OBJC_ARC = YES;
				CLANG_WARN_BOOL_CONVERSION = YES;
				CLANG_WARN_CONSTANT_CONVERSION = YES;
				CLANG_WARN_DIRECT_OBJC_ISA_USAGE = YES_ERROR;
				CLANG_WARN_EMPTY_BODY = YES;
				CLANG_WARN_ENUM_CONVERSION = YES;
				CLANG_WARN_INT_CONVERSION = YES;
				CLANG_WARN_OBJC_ROOT_CLASS = YES_ERROR;
				CLANG_WARN__DUPLICATE_METHOD_MATCH = YES;
				"CODE_SIGN_IDENTITY[sdk=iphoneos*]" = "iPhone Developer";
				COPY_PHASE_STRIP = NO;
				GCC_C_LANGUAGE_STANDARD = gnu99;
				GCC_DYNAMIC_NO_PIC = NO;
				GCC_OPTIMIZATION_LEVEL = 0;
				GCC_PREPROCESSOR_DEFINITIONS = (
					"DEBUG=1",
					"$(inherited)",
				);
				GCC_SYMBOLS_PRIVATE_EXTERN = NO;
				GCC_WARN_64_TO_32_BIT_CONVERSION = YES;
				GCC_WARN_ABOUT_RETURN_TYPE = YES_ERROR;
				GCC_WARN_UNDECLARED_SELECTOR = YES;
				GCC_WARN_UNINITIALIZED_AUTOS = YES_AGGRESSIVE;
				GCC_WARN_UNUSED_FUNCTION = YES;
				GCC_WARN_UNUSED_VARIABLE = YES;
				IPHONEOS_DEPLOYMENT_TARGET = 7.1;
				ONLY_ACTIVE_ARCH = YES;
				SDKROOT = iphoneos;
				TARGETED_DEVICE_FAMILY = "1,2";
			};
			name = Debug;
		};
		8BC30CCD19C5A48C000FE0BD /* Release */ = {
			isa = XCBuildConfiguration;
			buildSettings = {
				ALWAYS_SEARCH_USER_PATHS = NO;
				CLANG_CXX_LANGUAGE_STANDARD = "gnu++0x";
				CLANG_CXX_LIBRARY = "libc++";
				CLANG_ENABLE_MODULES = YES;
				CLANG_ENABLE_OBJC_ARC = YES;
				CLANG_WARN_BOOL_CONVERSION = YES;
				CLANG_WARN_CONSTANT_CONVERSION = YES;
				CLANG_WARN_DIRECT_OBJC_ISA_USAGE = YES_ERROR;
				CLANG_WARN_EMPTY_BODY = YES;
				CLANG_WARN_ENUM_CONVERSION = YES;
				CLANG_WARN_INT_CONVERSION = YES;
				CLANG_WARN_OBJC_ROOT_CLASS = YES_ERROR;
				CLANG_WARN__DUPLICATE_METHOD_MATCH = YES;
				"CODE_SIGN_IDENTITY[sdk=iphoneos*]" = "iPhone Developer";
				COPY_PHASE_STRIP = YES;
				ENABLE_NS_ASSERTIONS = NO;
				GCC_C_LANGUAGE_STANDARD = gnu99;
				GCC_WARN_64_TO_32_BIT_CONVERSION = YES;
				GCC_WARN_ABOUT_RETURN_TYPE = YES_ERROR;
				GCC_WARN_UNDECLARED_SELECTOR = YES;
				GCC_WARN_UNINITIALIZED_AUTOS = YES_AGGRESSIVE;
				GCC_WARN_UNUSED_FUNCTION = YES;
				GCC_WARN_UNUSED_VARIABLE = YES;
				IPHONEOS_DEPLOYMENT_TARGET = 7.1;
				SDKROOT = iphoneos;
				TARGETED_DEVICE_FAMILY = "1,2";
				VALIDATE_PRODUCT = YES;
			};
			name = Release;
		};
		8BC30CCF19C5A48C000FE0BD /* Debug */ = {
			isa = XCBuildConfiguration;
			buildSettings = {
				ASSETCATALOG_COMPILER_APPICON_NAME = AppIcon;
				ASSETCATALOG_COMPILER_LAUNCHIMAGE_NAME = LaunchImage;
				GCC_PRECOMPILE_PREFIX_HEADER = YES;
				GCC_PREFIX_HEADER = "Vegan World/Vegan World-Prefix.pch";
				INFOPLIST_FILE = "Vegan World/Vegan World-Info.plist";
				PRODUCT_NAME = "$(TARGET_NAME)";
				WRAPPER_EXTENSION = app;
			};
			name = Debug;
		};
		8BC30CD019C5A48C000FE0BD /* Release */ = {
			isa = XCBuildConfiguration;
			buildSettings = {
				ASSETCATALOG_COMPILER_APPICON_NAME = AppIcon;
				ASSETCATALOG_COMPILER_LAUNCHIMAGE_NAME = LaunchImage;
				GCC_PRECOMPILE_PREFIX_HEADER = YES;
				GCC_PREFIX_HEADER = "Vegan World/Vegan World-Prefix.pch";
				INFOPLIST_FILE = "Vegan World/Vegan World-Info.plist";
				PRODUCT_NAME = "$(TARGET_NAME)";
				WRAPPER_EXTENSION = app;
			};
			name = Release;
		};
		8BC30CD219C5A48C000FE0BD /* Debug */ = {
			isa = XCBuildConfiguration;
			buildSettings = {
				BUNDLE_LOADER = "$(BUILT_PRODUCTS_DIR)/Vegan World.app/Vegan World";
				FRAMEWORK_SEARCH_PATHS = (
					"$(SDKROOT)/Developer/Library/Frameworks",
					"$(inherited)",
					"$(DEVELOPER_FRAMEWORKS_DIR)",
				);
				GCC_PRECOMPILE_PREFIX_HEADER = YES;
				GCC_PREFIX_HEADER = "Vegan World/Vegan World-Prefix.pch";
				GCC_PREPROCESSOR_DEFINITIONS = (
					"DEBUG=1",
					"$(inherited)",
				);
				INFOPLIST_FILE = "Vegan WorldTests/Vegan WorldTests-Info.plist";
				PRODUCT_NAME = "$(TARGET_NAME)";
				TEST_HOST = "$(BUNDLE_LOADER)";
				WRAPPER_EXTENSION = xctest;
			};
			name = Debug;
		};
		8BC30CD319C5A48C000FE0BD /* Release */ = {
			isa = XCBuildConfiguration;
			buildSettings = {
				BUNDLE_LOADER = "$(BUILT_PRODUCTS_DIR)/Vegan World.app/Vegan World";
				FRAMEWORK_SEARCH_PATHS = (
					"$(SDKROOT)/Developer/Library/Frameworks",
					"$(inherited)",
					"$(DEVELOPER_FRAMEWORKS_DIR)",
				);
				GCC_PRECOMPILE_PREFIX_HEADER = YES;
				GCC_PREFIX_HEADER = "Vegan World/Vegan World-Prefix.pch";
				INFOPLIST_FILE = "Vegan WorldTests/Vegan WorldTests-Info.plist";
				PRODUCT_NAME = "$(TARGET_NAME)";
				TEST_HOST = "$(BUNDLE_LOADER)";
				WRAPPER_EXTENSION = xctest;
			};
			name = Release;
		};
/* End XCBuildConfiguration section */

/* Begin XCConfigurationList section */
		8BC30C9419C5A48C000FE0BD /* Build configuration list for PBXProject "Vegan World" */ = {
			isa = XCConfigurationList;
			buildConfigurations = (
				8BC30CCC19C5A48C000FE0BD /* Debug */,
				8BC30CCD19C5A48C000FE0BD /* Release */,
			);
			defaultConfigurationIsVisible = 0;
			defaultConfigurationName = Release;
		};
		8BC30CCE19C5A48C000FE0BD /* Build configuration list for PBXNativeTarget "Vegan World" */ = {
			isa = XCConfigurationList;
			buildConfigurations = (
				8BC30CCF19C5A48C000FE0BD /* Debug */,
				8BC30CD019C5A48C000FE0BD /* Release */,
			);
			defaultConfigurationIsVisible = 0;
		};
		8BC30CD119C5A48C000FE0BD /* Build configuration list for PBXNativeTarget "Vegan WorldTests" */ = {
			isa = XCConfigurationList;
			buildConfigurations = (
				8BC30CD219C5A48C000FE0BD /* Debug */,
				8BC30CD319C5A48C000FE0BD /* Release */,
			);
			defaultConfigurationIsVisible = 0;
		};
/* End XCConfigurationList section */
	};
	rootObject = 8BC30C9119C5A48C000FE0BD /* Project object */;
}
